
Microsoft Visual Studio Solution File, Format Version 12.00
# Visual Studio Version 17
VisualStudioVersion = 17.10.34916.146
MinimumVisualStudioVersion = 10.0.40219.1
Project("{FAE04EC0-301F-11D3-BF4B-00C04F79EFBC}") = "lab3_asrt_factory_method", "lab3_asrt_factory_method\lab3_asrt_factory_method.csproj", "{154A1D56-71BF-4EA6-8759-B2DB27DC4AE8}"
EndProject
Global
	GlobalSection(SolutionConfigurationPlatforms) = preSolution
		Debug|Any CPU = Debug|Any CPU
		Release|Any CPU = Release|Any CPU
	EndGlobalSection
	GlobalSection(ProjectConfigurationPlatforms) = postSolution
		{154A1D56-71BF-4EA6-8759-B2DB27DC4AE8}.Debug|Any CPU.ActiveCfg = Debug|Any CPU
		{154A1D56-71BF-4EA6-8759-B2DB27DC4AE8}.Debug|Any CPU.Build.0 = Debug|Any CPU
		{154A1D56-71BF-4EA6-8759-B2DB27DC4AE8}.Release|Any CPU.ActiveCfg = Release|Any CPU
		{154A1D56-71BF-4EA6-8759-B2DB27DC4AE8}.Release|Any CPU.Build.0 = Release|Any CPU
	EndGlobalSection
	GlobalSection(SolutionProperties) = preSolution
		HideSolutionNode = FALSE
	EndGlobalSection
	GlobalSection(ExtensibilityGlobals) = postSolution
		SolutionGuid = {50B8C6D1-6F30-4580-B341-E7707D66E09F}
	EndGlobalSection
EndGlobal
